
Microsoft Visual Studio Solution File, Format Version 12.00
# Visual Studio Version 16
VisualStudioVersion = 16.0.30204.135
MinimumVisualStudioVersion = 10.0.40219.1
Project("{FAE04EC0-301F-11D3-BF4B-00C04F79EFBC}") = "signalrChat", "signalrChat\signalrChat.csproj", "{55D1592D-A4DA-4B66-A5AC-AB5318E3ED9F}"
EndProject
Global
	GlobalSection(SolutionConfigurationPlatforms) = preSolution
		Debug|Any CPU = Debug|Any CPU
		Release|Any CPU = Release|Any CPU
	EndGlobalSection
	GlobalSection(ProjectConfigurationPlatforms) = postSolution
		{55D1592D-A4DA-4B66-A5AC-AB5318E3ED9F}.Debug|Any CPU.ActiveCfg = Debug|Any CPU
		{55D1592D-A4DA-4B66-A5AC-AB5318E3ED9F}.Debug|Any CPU.Build.0 = Debug|Any CPU
		{55D1592D-A4DA-4B66-A5AC-AB5318E3ED9F}.Release|Any CPU.ActiveCfg = Release|Any CPU
		{55D1592D-A4DA-4B66-A5AC-AB5318E3ED9F}.Release|Any CPU.Build.0 = Release|Any CPU
	EndGlobalSection
	GlobalSection(SolutionProperties) = preSolution
		HideSolutionNode = FALSE
	EndGlobalSection
	GlobalSection(ExtensibilityGlobals) = postSolution
		SolutionGuid = {666D7DFB-46F1-421C-9DC2-1BB888E69D8F}
	EndGlobalSection
EndGlobal
